
Microsoft Visual Studio Solution File, Format Version 12.00
# Visual Studio Version 17
VisualStudioVersion = 17.5.002.0
MinimumVisualStudioVersion = 10.0.40219.1
Project("{9A19103F-16F7-4668-BE54-9A1E7A4F7556}") = "BlazingPizza", "BlazingPizza.csproj", "{786FC860-AB26-4E54-AAF4-B4D7E506FF23}"
EndProject
Global
	GlobalSection(SolutionConfigurationPlatforms) = preSolution
		Debug|Any CPU = Debug|Any CPU
		Release|Any CPU = Release|Any CPU
	EndGlobalSection
	GlobalSection(ProjectConfigurationPlatforms) = postSolution
		{786FC860-AB26-4E54-AAF4-B4D7E506FF23}.Debug|Any CPU.ActiveCfg = Debug|Any CPU
		{786FC860-AB26-4E54-AAF4-B4D7E506FF23}.Debug|Any CPU.Build.0 = Debug|Any CPU
		{786FC860-AB26-4E54-AAF4-B4D7E506FF23}.Release|Any CPU.ActiveCfg = Release|Any CPU
		{786FC860-AB26-4E54-AAF4-B4D7E506FF23}.Release|Any CPU.Build.0 = Release|Any CPU
	EndGlobalSection
	GlobalSection(SolutionProperties) = preSolution
		HideSolutionNode = FALSE
	EndGlobalSection
	GlobalSection(ExtensibilityGlobals) = postSolution
		SolutionGuid = {220434A4-94AF-462E-AA17-1D93AE654C9F}
	EndGlobalSection
EndGlobal
